<?xml version="1.0" encoding="UTF-8" standalone="yes" ?>
<CodeBlocks_project_file>
   <FileVersion major="1" minor="6" />
   <Project>
      <Option title="my_example" />
      <Option makefile_is_custom="1" />
      <Option compiler="gcc" />
      <Option virtualFolders="CMake Files\;" />
      <Build>
      <Target title="all">
         <Option working_dir="/home/gianpaolo/CoinIpopt/myexample/Debug" />
         <Option type="4" />
         <MakeCommands>
            <Build command="/usr/bin/make -f &quot;/home/gianpaolo/CoinIpopt/myexample/Debug/Makefile&quot;  VERBOSE=1 all" />
            <CompileFile command="/usr/bin/make -f &quot;/home/gianpaolo/CoinIpopt/myexample/Debug/Makefile&quot;  VERBOSE=1 &quot;$file&quot;" />
            <Clean command="/usr/bin/make -f &quot;/home/gianpaolo/CoinIpopt/myexample/Debug/Makefile&quot;  VERBOSE=1 clean" />
            <DistClean command="/usr/bin/make -f &quot;/home/gianpaolo/CoinIpopt/myexample/Debug/Makefile&quot;  VERBOSE=1 clean" />
         </MakeCommands>
      </Target>
      <Target title="edit_cache">
         <Option working_dir="/home/gianpaolo/CoinIpopt/myexample/Debug" />
         <Option type="4" />
         <MakeCommands>
            <Build command="/usr/bin/make -f &quot;/home/gianpaolo/CoinIpopt/myexample/Debug/Makefile&quot;  VERBOSE=1 edit_cache" />
            <CompileFile command="/usr/bin/make -f &quot;/home/gianpaolo/CoinIpopt/myexample/Debug/Makefile&quot;  VERBOSE=1 &quot;$file&quot;" />
            <Clean command="/usr/bin/make -f &quot;/home/gianpaolo/CoinIpopt/myexample/Debug/Makefile&quot;  VERBOSE=1 clean" />
            <DistClean command="/usr/bin/make -f &quot;/home/gianpaolo/CoinIpopt/myexample/Debug/Makefile&quot;  VERBOSE=1 clean" />
         </MakeCommands>
      </Target>
      <Target title="rebuild_cache">
         <Option working_dir="/home/gianpaolo/CoinIpopt/myexample/Debug" />
         <Option type="4" />
         <MakeCommands>
            <Build command="/usr/bin/make -f &quot;/home/gianpaolo/CoinIpopt/myexample/Debug/Makefile&quot;  VERBOSE=1 rebuild_cache" />
            <CompileFile command="/usr/bin/make -f &quot;/home/gianpaolo/CoinIpopt/myexample/Debug/Makefile&quot;  VERBOSE=1 &quot;$file&quot;" />
            <Clean command="/usr/bin/make -f &quot;/home/gianpaolo/CoinIpopt/myexample/Debug/Makefile&quot;  VERBOSE=1 clean" />
            <DistClean command="/usr/bin/make -f &quot;/home/gianpaolo/CoinIpopt/myexample/Debug/Makefile&quot;  VERBOSE=1 clean" />
         </MakeCommands>
      </Target>
      <Target title="myexample">
         <Option output="/home/gianpaolo/CoinIpopt/myexample/Debug/myexample" prefix_auto="0" extension_auto="0" />
         <Option working_dir="/home/gianpaolo/CoinIpopt/myexample/Debug" />
         <Option object_output="./" />
         <Option type="1" />
         <Option compiler="gcc" />
         <Compiler>
            <Add directory="/home/gianpaolo/CoinIpopt/Debug/include/coin" />
            <Add directory="/home/gianpaolo/CoinIpopt/Debug/include/coin/ThirdParty" />
            <Add directory="/home/gianpaolo/CoinIpopt/Debug/include/extra" />
            <Add directory="/home/gianpaolo/catkin_ws/devel/include" />
            <Add directory="/opt/ros/indigo/include" />
            <Add directory="/usr/include" />
            <Add directory="/usr/include/c++/4.8" />
            <Add directory="/usr/include/c++/4.8/backward" />
            <Add directory="/usr/include/x86_64-linux-gnu" />
            <Add directory="/usr/include/x86_64-linux-gnu/c++/4.8" />
            <Add directory="/usr/lib/gcc/x86_64-linux-gnu/4.8/include" />
            <Add directory="/usr/lib/gcc/x86_64-linux-gnu/4.8/include-fixed" />
            <Add directory="/usr/local/include" />
         </Compiler>
         <MakeCommands>
            <Build command="/usr/bin/make -f &quot;/home/gianpaolo/CoinIpopt/myexample/Debug/Makefile&quot;  VERBOSE=1 myexample" />
            <CompileFile command="/usr/bin/make -f &quot;/home/gianpaolo/CoinIpopt/myexample/Debug/Makefile&quot;  VERBOSE=1 &quot;$file&quot;" />
            <Clean command="/usr/bin/make -f &quot;/home/gianpaolo/CoinIpopt/myexample/Debug/Makefile&quot;  VERBOSE=1 clean" />
            <DistClean command="/usr/bin/make -f &quot;/home/gianpaolo/CoinIpopt/myexample/Debug/Makefile&quot;  VERBOSE=1 clean" />
         </MakeCommands>
      </Target>
      <Target title="myexample/fast">
         <Option output="/home/gianpaolo/CoinIpopt/myexample/Debug/myexample" prefix_auto="0" extension_auto="0" />
         <Option working_dir="/home/gianpaolo/CoinIpopt/myexample/Debug" />
         <Option object_output="./" />
         <Option type="1" />
         <Option compiler="gcc" />
         <Compiler>
            <Add directory="/home/gianpaolo/CoinIpopt/Debug/include/coin" />
            <Add directory="/home/gianpaolo/CoinIpopt/Debug/include/coin/ThirdParty" />
            <Add directory="/home/gianpaolo/CoinIpopt/Debug/include/extra" />
            <Add directory="/home/gianpaolo/catkin_ws/devel/include" />
            <Add directory="/opt/ros/indigo/include" />
            <Add directory="/usr/include" />
            <Add directory="/usr/include/c++/4.8" />
            <Add directory="/usr/include/c++/4.8/backward" />
            <Add directory="/usr/include/x86_64-linux-gnu" />
            <Add directory="/usr/include/x86_64-linux-gnu/c++/4.8" />
            <Add directory="/usr/lib/gcc/x86_64-linux-gnu/4.8/include" />
            <Add directory="/usr/lib/gcc/x86_64-linux-gnu/4.8/include-fixed" />
            <Add directory="/usr/local/include" />
         </Compiler>
         <MakeCommands>
            <Build command="/usr/bin/make -f &quot;/home/gianpaolo/CoinIpopt/myexample/Debug/Makefile&quot;  VERBOSE=1 myexample/fast" />
            <CompileFile command="/usr/bin/make -f &quot;/home/gianpaolo/CoinIpopt/myexample/Debug/Makefile&quot;  VERBOSE=1 &quot;$file&quot;" />
            <Clean command="/usr/bin/make -f &quot;/home/gianpaolo/CoinIpopt/myexample/Debug/Makefile&quot;  VERBOSE=1 clean" />
            <DistClean command="/usr/bin/make -f &quot;/home/gianpaolo/CoinIpopt/myexample/Debug/Makefile&quot;  VERBOSE=1 clean" />
         </MakeCommands>
      </Target>
      <Target title="hs071_nlp">
         <Option output="/home/gianpaolo/CoinIpopt/myexample/Debug/libhs071_nlp.a" prefix_auto="0" extension_auto="0" />
         <Option working_dir="/home/gianpaolo/CoinIpopt/myexample/Debug" />
         <Option object_output="./" />
         <Option type="2" />
         <Option compiler="gcc" />
         <Compiler>
            <Add directory="/home/gianpaolo/CoinIpopt/Debug/include/coin" />
            <Add directory="/home/gianpaolo/CoinIpopt/Debug/include/coin/ThirdParty" />
            <Add directory="/home/gianpaolo/CoinIpopt/Debug/include/extra" />
            <Add directory="/home/gianpaolo/catkin_ws/devel/include" />
            <Add directory="/opt/ros/indigo/include" />
            <Add directory="/usr/include" />
            <Add directory="/usr/include/c++/4.8" />
            <Add directory="/usr/include/c++/4.8/backward" />
            <Add directory="/usr/include/x86_64-linux-gnu" />
            <Add directory="/usr/include/x86_64-linux-gnu/c++/4.8" />
            <Add directory="/usr/lib/gcc/x86_64-linux-gnu/4.8/include" />
            <Add directory="/usr/lib/gcc/x86_64-linux-gnu/4.8/include-fixed" />
            <Add directory="/usr/local/include" />
         </Compiler>
         <MakeCommands>
            <Build command="/usr/bin/make -f &quot;/home/gianpaolo/CoinIpopt/myexample/Debug/Makefile&quot;  VERBOSE=1 hs071_nlp" />
            <CompileFile command="/usr/bin/make -f &quot;/home/gianpaolo/CoinIpopt/myexample/Debug/Makefile&quot;  VERBOSE=1 &quot;$file&quot;" />
            <Clean command="/usr/bin/make -f &quot;/home/gianpaolo/CoinIpopt/myexample/Debug/Makefile&quot;  VERBOSE=1 clean" />
            <DistClean command="/usr/bin/make -f &quot;/home/gianpaolo/CoinIpopt/myexample/Debug/Makefile&quot;  VERBOSE=1 clean" />
         </MakeCommands>
      </Target>
      <Target title="hs071_nlp/fast">
         <Option output="/home/gianpaolo/CoinIpopt/myexample/Debug/libhs071_nlp.a" prefix_auto="0" extension_auto="0" />
         <Option working_dir="/home/gianpaolo/CoinIpopt/myexample/Debug" />
         <Option object_output="./" />
         <Option type="2" />
         <Option compiler="gcc" />
         <Compiler>
            <Add directory="/home/gianpaolo/CoinIpopt/Debug/include/coin" />
            <Add directory="/home/gianpaolo/CoinIpopt/Debug/include/coin/ThirdParty" />
            <Add directory="/home/gianpaolo/CoinIpopt/Debug/include/extra" />
            <Add directory="/home/gianpaolo/catkin_ws/devel/include" />
            <Add directory="/opt/ros/indigo/include" />
            <Add directory="/usr/include" />
            <Add directory="/usr/include/c++/4.8" />
            <Add directory="/usr/include/c++/4.8/backward" />
            <Add directory="/usr/include/x86_64-linux-gnu" />
            <Add directory="/usr/include/x86_64-linux-gnu/c++/4.8" />
            <Add directory="/usr/lib/gcc/x86_64-linux-gnu/4.8/include" />
            <Add directory="/usr/lib/gcc/x86_64-linux-gnu/4.8/include-fixed" />
            <Add directory="/usr/local/include" />
         </Compiler>
         <MakeCommands>
            <Build command="/usr/bin/make -f &quot;/home/gianpaolo/CoinIpopt/myexample/Debug/Makefile&quot;  VERBOSE=1 hs071_nlp/fast" />
            <CompileFile command="/usr/bin/make -f &quot;/home/gianpaolo/CoinIpopt/myexample/Debug/Makefile&quot;  VERBOSE=1 &quot;$file&quot;" />
            <Clean command="/usr/bin/make -f &quot;/home/gianpaolo/CoinIpopt/myexample/Debug/Makefile&quot;  VERBOSE=1 clean" />
            <DistClean command="/usr/bin/make -f &quot;/home/gianpaolo/CoinIpopt/myexample/Debug/Makefile&quot;  VERBOSE=1 clean" />
         </MakeCommands>
      </Target>
      </Build>
      <Unit filename="/home/gianpaolo/CoinIpopt/myexample/src/hs071_main.cpp">
      </Unit>
      <Unit filename="/home/gianpaolo/CoinIpopt/myexample/src/hs071_nlp.cpp">
      </Unit>
      <Unit filename="/home/gianpaolo/CoinIpopt/myexample/src/hs071_nlp.hpp">
      </Unit>
      <Unit filename="/home/gianpaolo/CoinIpopt/myexample/CMakeLists.txt">
          <Option virtualFolder="CMake Files\" />
      </Unit>
   </Project>
</CodeBlocks_project_file>
